
Microsoft Visual Studio Solution File, Format Version 12.00
# Visual Studio Version 17
VisualStudioVersion = 17.9.34723.18
MinimumVisualStudioVersion = 10.0.40219.1
Project("{2150E333-8FDC-42A3-9474-1A3956D46DE8}") = "Services", "Services", "{ECC5947F-5BA3-448C-993F-F16FD60A6E3F}"
EndProject
Project("{2150E333-8FDC-42A3-9474-1A3956D46DE8}") = "Apps", "Apps", "{09D757DD-7E1F-4F25-89D2-C87699E7507E}"
EndProject
Project("{2150E333-8FDC-42A3-9474-1A3956D46DE8}") = "Core", "Core", "{31BCDB60-D923-4C86-AD2D-2371ABB70835}"
EndProject
Project("{FAE04EC0-301F-11D3-BF4B-00C04F79EFBC}") = "Contacts.Core", "Source\Contacts.Core\Contacts.Core.csproj", "{433BD65D-2382-4341-803B-8564B269AB99}"
EndProject
Project("{2150E333-8FDC-42A3-9474-1A3956D46DE8}") = "Contact", "Contact", "{AC567216-91D1-48D6-AF14-20BFC209FDD4}"
EndProject
Project("{FAE04EC0-301F-11D3-BF4B-00C04F79EFBC}") = "Contacts.Contact.Domain", "Source\Contacts.Contact.Domain\Contacts.Contact.Domain.csproj", "{EEDBA49F-72C4-428C-97B7-45335A7FCADC}"
EndProject
Project("{FAE04EC0-301F-11D3-BF4B-00C04F79EFBC}") = "Contacts.Contact.Data", "Source\Contacts.Contact.Data\Contacts.Contact.Data.csproj", "{1C3B08AC-DE8A-44C3-BF4A-5945E4AD6E04}"
EndProject
Project("{FAE04EC0-301F-11D3-BF4B-00C04F79EFBC}") = "Contacts.Contact.Application", "Source\Contacts.Contact.Application\Contacts.Contact.Application.csproj", "{8C7A5F11-56AD-4B18-84EF-8C4A5CBBECA6}"
EndProject
Project("{FAE04EC0-301F-11D3-BF4B-00C04F79EFBC}") = "Contacts.WebApi.API", "Source\Contacts.WebApi.API\Contacts.WebApi.API.csproj", "{90F6DCD8-3B22-45B8-A8B0-9D905D3F3AE2}"
EndProject
Project("{2150E333-8FDC-42A3-9474-1A3956D46DE8}") = "Dependency Injection", "Dependency Injection", "{73F4B5DA-73EC-4DCD-BED9-2F0E4A0B4B59}"
EndProject
Project("{FAE04EC0-301F-11D3-BF4B-00C04F79EFBC}") = "Contacts.DependencyInjection", "Source\Contacts.DependencyInjection\Contacts.DependencyInjection.csproj", "{B7EB575B-FDF3-4A18-97FD-E303FD4C6602}"
EndProject
Project("{2150E333-8FDC-42A3-9474-1A3956D46DE8}") = "Auth", "Auth", "{C281C7AF-AA73-4ED6-B529-9FCC87A55B2B}"
EndProject
Project("{FAE04EC0-301F-11D3-BF4B-00C04F79EFBC}") = "Contacts.Auth.Domain", "Source\Contacts.Auth.Domain\Contacts.Auth.Domain.csproj", "{77E3D474-92F8-4269-9AAD-81009E4B5FA2}"
EndProject
Project("{FAE04EC0-301F-11D3-BF4B-00C04F79EFBC}") = "Contacts.Auth.Data", "Source\Contacts.Auth.Data\Contacts.Auth.Data.csproj", "{C1404E60-2169-42F8-ABCF-E7D25E986212}"
EndProject
Project("{FAE04EC0-301F-11D3-BF4B-00C04F79EFBC}") = "Contacts.Auth.Application", "Source\Contacts.Auth.Application\Contacts.Auth.Application.csproj", "{9324C38F-997A-4A77-BFEE-0ECCD896E1FD}"
EndProject
Global
	GlobalSection(SolutionConfigurationPlatforms) = preSolution
		Debug|Any CPU = Debug|Any CPU
		Release|Any CPU = Release|Any CPU
	EndGlobalSection
	GlobalSection(ProjectConfigurationPlatforms) = postSolution
		{433BD65D-2382-4341-803B-8564B269AB99}.Debug|Any CPU.ActiveCfg = Debug|Any CPU
		{433BD65D-2382-4341-803B-8564B269AB99}.Debug|Any CPU.Build.0 = Debug|Any CPU
		{433BD65D-2382-4341-803B-8564B269AB99}.Release|Any CPU.ActiveCfg = Release|Any CPU
		{433BD65D-2382-4341-803B-8564B269AB99}.Release|Any CPU.Build.0 = Release|Any CPU
		{EEDBA49F-72C4-428C-97B7-45335A7FCADC}.Debug|Any CPU.ActiveCfg = Debug|Any CPU
		{EEDBA49F-72C4-428C-97B7-45335A7FCADC}.Debug|Any CPU.Build.0 = Debug|Any CPU
		{EEDBA49F-72C4-428C-97B7-45335A7FCADC}.Release|Any CPU.ActiveCfg = Release|Any CPU
		{EEDBA49F-72C4-428C-97B7-45335A7FCADC}.Release|Any CPU.Build.0 = Release|Any CPU
		{1C3B08AC-DE8A-44C3-BF4A-5945E4AD6E04}.Debug|Any CPU.ActiveCfg = Debug|Any CPU
		{1C3B08AC-DE8A-44C3-BF4A-5945E4AD6E04}.Debug|Any CPU.Build.0 = Debug|Any CPU
		{1C3B08AC-DE8A-44C3-BF4A-5945E4AD6E04}.Release|Any CPU.ActiveCfg = Release|Any CPU
		{1C3B08AC-DE8A-44C3-BF4A-5945E4AD6E04}.Release|Any CPU.Build.0 = Release|Any CPU
		{8C7A5F11-56AD-4B18-84EF-8C4A5CBBECA6}.Debug|Any CPU.ActiveCfg = Debug|Any CPU
		{8C7A5F11-56AD-4B18-84EF-8C4A5CBBECA6}.Debug|Any CPU.Build.0 = Debug|Any CPU
		{8C7A5F11-56AD-4B18-84EF-8C4A5CBBECA6}.Release|Any CPU.ActiveCfg = Release|Any CPU
		{8C7A5F11-56AD-4B18-84EF-8C4A5CBBECA6}.Release|Any CPU.Build.0 = Release|Any CPU
		{90F6DCD8-3B22-45B8-A8B0-9D905D3F3AE2}.Debug|Any CPU.ActiveCfg = Debug|Any CPU
		{90F6DCD8-3B22-45B8-A8B0-9D905D3F3AE2}.Debug|Any CPU.Build.0 = Debug|Any CPU
		{90F6DCD8-3B22-45B8-A8B0-9D905D3F3AE2}.Release|Any CPU.ActiveCfg = Release|Any CPU
		{90F6DCD8-3B22-45B8-A8B0-9D905D3F3AE2}.Release|Any CPU.Build.0 = Release|Any CPU
		{B7EB575B-FDF3-4A18-97FD-E303FD4C6602}.Debug|Any CPU.ActiveCfg = Debug|Any CPU
		{B7EB575B-FDF3-4A18-97FD-E303FD4C6602}.Debug|Any CPU.Build.0 = Debug|Any CPU
		{B7EB575B-FDF3-4A18-97FD-E303FD4C6602}.Release|Any CPU.ActiveCfg = Release|Any CPU
		{B7EB575B-FDF3-4A18-97FD-E303FD4C6602}.Release|Any CPU.Build.0 = Release|Any CPU
		{77E3D474-92F8-4269-9AAD-81009E4B5FA2}.Debug|Any CPU.ActiveCfg = Debug|Any CPU
		{77E3D474-92F8-4269-9AAD-81009E4B5FA2}.Debug|Any CPU.Build.0 = Debug|Any CPU
		{77E3D474-92F8-4269-9AAD-81009E4B5FA2}.Release|Any CPU.ActiveCfg = Release|Any CPU
		{77E3D474-92F8-4269-9AAD-81009E4B5FA2}.Release|Any CPU.Build.0 = Release|Any CPU
		{C1404E60-2169-42F8-ABCF-E7D25E986212}.Debug|Any CPU.ActiveCfg = Debug|Any CPU
		{C1404E60-2169-42F8-ABCF-E7D25E986212}.Debug|Any CPU.Build.0 = Debug|Any CPU
		{C1404E60-2169-42F8-ABCF-E7D25E986212}.Release|Any CPU.ActiveCfg = Release|Any CPU
		{C1404E60-2169-42F8-ABCF-E7D25E986212}.Release|Any CPU.Build.0 = Release|Any CPU
		{9324C38F-997A-4A77-BFEE-0ECCD896E1FD}.Debug|Any CPU.ActiveCfg = Debug|Any CPU
		{9324C38F-997A-4A77-BFEE-0ECCD896E1FD}.Debug|Any CPU.Build.0 = Debug|Any CPU
		{9324C38F-997A-4A77-BFEE-0ECCD896E1FD}.Release|Any CPU.ActiveCfg = Release|Any CPU
		{9324C38F-997A-4A77-BFEE-0ECCD896E1FD}.Release|Any CPU.Build.0 = Release|Any CPU
	EndGlobalSection
	GlobalSection(SolutionProperties) = preSolution
		HideSolutionNode = FALSE
	EndGlobalSection
	GlobalSection(NestedProjects) = preSolution
		{31BCDB60-D923-4C86-AD2D-2371ABB70835} = {ECC5947F-5BA3-448C-993F-F16FD60A6E3F}
		{433BD65D-2382-4341-803B-8564B269AB99} = {31BCDB60-D923-4C86-AD2D-2371ABB70835}
		{AC567216-91D1-48D6-AF14-20BFC209FDD4} = {ECC5947F-5BA3-448C-993F-F16FD60A6E3F}
		{EEDBA49F-72C4-428C-97B7-45335A7FCADC} = {AC567216-91D1-48D6-AF14-20BFC209FDD4}
		{1C3B08AC-DE8A-44C3-BF4A-5945E4AD6E04} = {AC567216-91D1-48D6-AF14-20BFC209FDD4}
		{8C7A5F11-56AD-4B18-84EF-8C4A5CBBECA6} = {AC567216-91D1-48D6-AF14-20BFC209FDD4}
		{90F6DCD8-3B22-45B8-A8B0-9D905D3F3AE2} = {09D757DD-7E1F-4F25-89D2-C87699E7507E}
		{73F4B5DA-73EC-4DCD-BED9-2F0E4A0B4B59} = {ECC5947F-5BA3-448C-993F-F16FD60A6E3F}
		{B7EB575B-FDF3-4A18-97FD-E303FD4C6602} = {73F4B5DA-73EC-4DCD-BED9-2F0E4A0B4B59}
		{C281C7AF-AA73-4ED6-B529-9FCC87A55B2B} = {ECC5947F-5BA3-448C-993F-F16FD60A6E3F}
		{77E3D474-92F8-4269-9AAD-81009E4B5FA2} = {C281C7AF-AA73-4ED6-B529-9FCC87A55B2B}
		{C1404E60-2169-42F8-ABCF-E7D25E986212} = {C281C7AF-AA73-4ED6-B529-9FCC87A55B2B}
		{9324C38F-997A-4A77-BFEE-0ECCD896E1FD} = {C281C7AF-AA73-4ED6-B529-9FCC87A55B2B}
	EndGlobalSection
	GlobalSection(ExtensibilityGlobals) = postSolution
		SolutionGuid = {144C29F1-7839-47D0-93F8-A70C670F2A18}
	EndGlobalSection
EndGlobal
